
Microsoft Visual Studio Solution File, Format Version 12.00
# Visual Studio 14
VisualStudioVersion = 14.0.25420.1
MinimumVisualStudioVersion = 10.0.40219.1
Project("{FAE04EC0-301F-11D3-BF4B-00C04F79EFBC}") = "InvoiceOTC.Model", "InvoiceOTC.Model\InvoiceOTC.Model.csproj", "{042F7B2A-D2BC-49E0-9024-7F81ABD447EA}"
EndProject
Project("{FAE04EC0-301F-11D3-BF4B-00C04F79EFBC}") = "InvoiceOTC.Repository.API", "InvoiceOTC.Repository.API\InvoiceOTC.Repository.API.csproj", "{09D68629-E6A4-4EF4-84F9-035786AC68B4}"
EndProject
Project("{FAE04EC0-301F-11D3-BF4B-00C04F79EFBC}") = "InvoiceOTC.Repository.Service", "InvoiceOTC.Repository.Service\InvoiceOTC.Repository.Service.csproj", "{AA807A36-246C-491C-9B20-52624877D81A}"
EndProject
Project("{FAE04EC0-301F-11D3-BF4B-00C04F79EFBC}") = "InvoiceOTCNew", "InvoiceOTCNew\InvoiceOTCNew.csproj", "{4938330D-2899-42FA-9FD3-F63E8DF9E4F3}"
EndProject
Project("{FAE04EC0-301F-11D3-BF4B-00C04F79EFBC}") = "InvoiceOTCUnitTest", "InvoiceOTCUnitTest\InvoiceOTCUnitTest.csproj", "{01282710-96D5-4C96-BB72-791B60D386A8}"
EndProject
Project("{FAE04EC0-301F-11D3-BF4B-00C04F79EFBC}") = "DatabaseConnection", "DatabaseConnection\DatabaseConnection.csproj", "{98F21765-A79B-4B0F-A7F2-B280BDFB8A11}"
EndProject
Global
	GlobalSection(SolutionConfigurationPlatforms) = preSolution
		Debug|Any CPU = Debug|Any CPU
		Release|Any CPU = Release|Any CPU
	EndGlobalSection
	GlobalSection(ProjectConfigurationPlatforms) = postSolution
		{042F7B2A-D2BC-49E0-9024-7F81ABD447EA}.Debug|Any CPU.ActiveCfg = Debug|Any CPU
		{042F7B2A-D2BC-49E0-9024-7F81ABD447EA}.Debug|Any CPU.Build.0 = Debug|Any CPU
		{042F7B2A-D2BC-49E0-9024-7F81ABD447EA}.Release|Any CPU.ActiveCfg = Release|Any CPU
		{042F7B2A-D2BC-49E0-9024-7F81ABD447EA}.Release|Any CPU.Build.0 = Release|Any CPU
		{09D68629-E6A4-4EF4-84F9-035786AC68B4}.Debug|Any CPU.ActiveCfg = Debug|Any CPU
		{09D68629-E6A4-4EF4-84F9-035786AC68B4}.Debug|Any CPU.Build.0 = Debug|Any CPU
		{09D68629-E6A4-4EF4-84F9-035786AC68B4}.Release|Any CPU.ActiveCfg = Release|Any CPU
		{09D68629-E6A4-4EF4-84F9-035786AC68B4}.Release|Any CPU.Build.0 = Release|Any CPU
		{AA807A36-246C-491C-9B20-52624877D81A}.Debug|Any CPU.ActiveCfg = Debug|Any CPU
		{AA807A36-246C-491C-9B20-52624877D81A}.Debug|Any CPU.Build.0 = Debug|Any CPU
		{AA807A36-246C-491C-9B20-52624877D81A}.Release|Any CPU.ActiveCfg = Release|Any CPU
		{AA807A36-246C-491C-9B20-52624877D81A}.Release|Any CPU.Build.0 = Release|Any CPU
		{4938330D-2899-42FA-9FD3-F63E8DF9E4F3}.Debug|Any CPU.ActiveCfg = Debug|Any CPU
		{4938330D-2899-42FA-9FD3-F63E8DF9E4F3}.Debug|Any CPU.Build.0 = Debug|Any CPU
		{4938330D-2899-42FA-9FD3-F63E8DF9E4F3}.Release|Any CPU.ActiveCfg = Release|Any CPU
		{4938330D-2899-42FA-9FD3-F63E8DF9E4F3}.Release|Any CPU.Build.0 = Release|Any CPU
		{01282710-96D5-4C96-BB72-791B60D386A8}.Debug|Any CPU.ActiveCfg = Debug|Any CPU
		{01282710-96D5-4C96-BB72-791B60D386A8}.Debug|Any CPU.Build.0 = Debug|Any CPU
		{01282710-96D5-4C96-BB72-791B60D386A8}.Release|Any CPU.ActiveCfg = Release|Any CPU
		{01282710-96D5-4C96-BB72-791B60D386A8}.Release|Any CPU.Build.0 = Release|Any CPU
		{98F21765-A79B-4B0F-A7F2-B280BDFB8A11}.Debug|Any CPU.ActiveCfg = Debug|Any CPU
		{98F21765-A79B-4B0F-A7F2-B280BDFB8A11}.Debug|Any CPU.Build.0 = Debug|Any CPU
		{98F21765-A79B-4B0F-A7F2-B280BDFB8A11}.Release|Any CPU.ActiveCfg = Release|Any CPU
		{98F21765-A79B-4B0F-A7F2-B280BDFB8A11}.Release|Any CPU.Build.0 = Release|Any CPU
	EndGlobalSection
	GlobalSection(SolutionProperties) = preSolution
		HideSolutionNode = FALSE
	EndGlobalSection
EndGlobal
